{
  "name": "html-proj",
  "version": "1.0.0",
  "lockfileVersion": 1,
  "requires": true,
  "dependencies": {
    "@stencil/core": {
      "version": "2.4.0",
      "resolved": "https://registry.npmjs.org/@stencil/core/-/core-2.4.0.tgz",
      "integrity": "sha512-gU6+Yyd6O0KrCSS/O6j8KKqmRo+/Dcs2fI0+APCpbAWK+nqhwDISpdnSEfGDCLMoAC08XOZCycBRk2K1VGnEcg=="
    },
    "stncl-awesome-components": {
      "version": "0.0.3",
      "resolved": "https://registry.npmjs.org/stncl-awesome-components/-/stncl-awesome-components-0.0.3.tgz",
      "integrity": "sha512-Mix+8F3uLv8OdxJi+gwQSTZHXVr8y5RPsPjvmvnnbi0mo6vNLL0tMHFPmBjDeJA5WmPq73PZgw9W7moyWDMYnw==",
      "requires": {
        "@stencil/core": "^2.0.1"
      }
    }
  }
}
